<?xml version="1.0" encoding="utf-8"?>
<Project ToolsVersion="4.0" xmlns="http://schemas.microsoft.com/developer/msbuild/2003">
  <ItemGroup>
    <Filter Include="Source Files">
      <UniqueIdentifier>{4FC737F1-C7A5-4376-A066-2A32D752A2FF}</UniqueIdentifier>
      <Extensions>cpp;c;cc;cxx;def;odl;idl;hpj;bat;asm;asmx</Extensions>
    </Filter>
    <Filter Include="Header Files">
      <UniqueIdentifier>{93995380-89BD-4b04-88EB-625FBE52EBFB}</UniqueIdentifier>
      <Extensions>h;hh;hpp;hxx;hm;inl;inc;ipp;xsd</Extensions>
    </Filter>
    <Filter Include="Resource Files">
      <UniqueIdentifier>{67DA6AB6-F800-4c08-8B7A-83BB121AAD01}</UniqueIdentifier>
      <Extensions>rc;ico;cur;bmp;dlg;rc2;rct;bin;rgs;gif;jpg;jpeg;jpe;resx;tiff;tif;png;wav;mfcribbon-ms</Extensions>
    </Filter>
  </ItemGroup>
  <ItemGroup>
    <ClInclude Include="stdafx.h">
      <Filter>Header Files</Filter>
    </ClInclude>
    <ClInclude Include="targetver.h">
      <Filter>Header Files</Filter>
    </ClInclude>
    <ClInclude Include="zip.h">
      <Filter>Header Files</Filter>
    </ClInclude>
    <ClInclude Include="zipconf.h">
      <Filter>Header Files</Filter>
    </ClInclude>
    <ClInclude Include="resource.h">
      <Filter>Header Files</Filter>
    </ClInclude>
    <ClInclude Include="CDGDefs.h">
      <Filter>Header Files</Filter>
    </ClInclude>
    <ClInclude Include="CDGInstructionHandlers.h">
      <Filter>Header Files</Filter>
    </ClInclude>
    <ClInclude Include="CDGGlobals.h">
      <Filter>Header Files</Filter>
    </ClInclude>
    <ClInclude Include="CDGPrefs.h">
      <Filter>Header Files</Filter>
    </ClInclude>
    <ClInclude Include="CDGBackgroundFunctions.h">
      <Filter>Header Files</Filter>
    </ClInclude>
    <ClInclude Include="CDGMenu.h">
      <Filter>Header Files</Filter>
    </ClInclude>
    <ClInclude Include="CDGReader.h">
      <Filter>Header Files</Filter>
    </ClInclude>
    <ClInclude Include="CDGRender.h">
      <Filter>Header Files</Filter>
    </ClInclude>
    <ClInclude Include="CDGWindows.h">
      <Filter>Header Files</Filter>
    </ClInclude>
    <ClInclude Include="CDGBitmaps.h">
      <Filter>Header Files</Filter>
    </ClInclude>
    <ClInclude Include="CDGProcessor.h">
      <Filter>Header Files</Filter>
    </ClInclude>
    <ClInclude Include="CDGPalette.h">
      <Filter>Header Files</Filter>
    </ClInclude>
  </ItemGroup>
  <ItemGroup>
    <ClCompile Include="stdafx.cpp">
      <Filter>Source Files</Filter>
    </ClCompile>
    <ClCompile Include="gen_cdgpro.cpp">
      <Filter>Source Files</Filter>
    </ClCompile>
    <ClCompile Include="dllmain.cpp">
      <Filter>Source Files</Filter>
    </ClCompile>
    <ClCompile Include="CDGInstructionHandlers.cpp">
      <Filter>Source Files</Filter>
    </ClCompile>
    <ClCompile Include="CDGGlobals.cpp">
      <Filter>Source Files</Filter>
    </ClCompile>
    <ClCompile Include="CDGPrefs.cpp">
      <Filter>Source Files</Filter>
    </ClCompile>
    <ClCompile Include="CDGBackgroundFunctions.cpp">
      <Filter>Source Files</Filter>
    </ClCompile>
    <ClCompile Include="CDGMenu.cpp">
      <Filter>Source Files</Filter>
    </ClCompile>
    <ClCompile Include="CDGReader.cpp">
      <Filter>Source Files</Filter>
    </ClCompile>
    <ClCompile Include="CDGRender.cpp">
      <Filter>Source Files</Filter>
    </ClCompile>
    <ClCompile Include="CDGWindows.cpp">
      <Filter>Source Files</Filter>
    </ClCompile>
    <ClCompile Include="CDGBitmaps.cpp">
      <Filter>Source Files</Filter>
    </ClCompile>
    <ClCompile Include="CDGProcessor.cpp">
      <Filter>Source Files</Filter>
    </ClCompile>
    <ClCompile Include="CDGPalette.cpp">
      <Filter>Source Files</Filter>
    </ClCompile>
  </ItemGroup>
  <ItemGroup>
    <ResourceCompile Include="gen_cdgpro.rc">
      <Filter>Resource Files</Filter>
    </ResourceCompile>
  </ItemGroup>
  <ItemGroup>
    <Image Include="winampIcon.ico">
      <Filter>Resource Files</Filter>
    </Image>
    <Image Include="checked.bmp">
      <Filter>Resource Files</Filter>
    </Image>
    <Image Include="unchecked.bmp">
      <Filter>Resource Files</Filter>
    </Image>
  </ItemGroup>
</Project>